
Microsoft Visual Studio Solution File, Format Version 12.00
# Visual Studio Version 16
VisualStudioVersion = 16.0.29230.47
MinimumVisualStudioVersion = 10.0.40219.1
Project("{FAE04EC0-301F-11D3-BF4B-00C04F79EFBC}") = "OverrideMethods", "OverrideMethods.csproj", "{68888120-A8DB-4051-A3F8-D663165F496C}"
EndProject
Global
	GlobalSection(SolutionConfigurationPlatforms) = preSolution
		Debug|Any CPU = Debug|Any CPU
		Release|Any CPU = Release|Any CPU
	EndGlobalSection
	GlobalSection(ProjectConfigurationPlatforms) = postSolution
		{68888120-A8DB-4051-A3F8-D663165F496C}.Debug|Any CPU.ActiveCfg = Debug|Any CPU
		{68888120-A8DB-4051-A3F8-D663165F496C}.Debug|Any CPU.Build.0 = Debug|Any CPU
		{68888120-A8DB-4051-A3F8-D663165F496C}.Release|Any CPU.ActiveCfg = Release|Any CPU
		{68888120-A8DB-4051-A3F8-D663165F496C}.Release|Any CPU.Build.0 = Release|Any CPU
	EndGlobalSection
	GlobalSection(SolutionProperties) = preSolution
		HideSolutionNode = FALSE
	EndGlobalSection
	GlobalSection(ExtensibilityGlobals) = postSolution
		SolutionGuid = {4F0265A2-DCCC-4312-BA1A-C0277E6634CD}
	EndGlobalSection
EndGlobal
