
Microsoft Visual Studio Solution File, Format Version 12.00
# Visual Studio Version 16
VisualStudioVersion = 16.0.29424.173
MinimumVisualStudioVersion = 10.0.40219.1
Project("{FAE04EC0-301F-11D3-BF4B-00C04F79EFBC}") = "Philipe_MidTermFall2019", "Philipe_MidTermFall2019.csproj", "{31649610-38F4-4336-A361-37C9555F6F22}"
EndProject
Global
	GlobalSection(SolutionConfigurationPlatforms) = preSolution
		Debug|Any CPU = Debug|Any CPU
		Release|Any CPU = Release|Any CPU
	EndGlobalSection
	GlobalSection(ProjectConfigurationPlatforms) = postSolution
		{31649610-38F4-4336-A361-37C9555F6F22}.Debug|Any CPU.ActiveCfg = Debug|Any CPU
		{31649610-38F4-4336-A361-37C9555F6F22}.Debug|Any CPU.Build.0 = Debug|Any CPU
		{31649610-38F4-4336-A361-37C9555F6F22}.Release|Any CPU.ActiveCfg = Release|Any CPU
		{31649610-38F4-4336-A361-37C9555F6F22}.Release|Any CPU.Build.0 = Release|Any CPU
	EndGlobalSection
	GlobalSection(SolutionProperties) = preSolution
		HideSolutionNode = FALSE
	EndGlobalSection
	GlobalSection(ExtensibilityGlobals) = postSolution
		SolutionGuid = {55A44252-DF62-4D5D-AA43-C87B58392002}
	EndGlobalSection
EndGlobal
