
Microsoft Visual Studio Solution File, Format Version 12.00
# Visual Studio Version 16
VisualStudioVersion = 16.0.29230.47
MinimumVisualStudioVersion = 10.0.40219.1
Project("{FAE04EC0-301F-11D3-BF4B-00C04F79EFBC}") = "Pokemon", "Pokemon.csproj", "{5F8F97DE-B691-4B29-B9C6-E23B8574D42C}"
EndProject
Global
	GlobalSection(SolutionConfigurationPlatforms) = preSolution
		Debug|Any CPU = Debug|Any CPU
		Release|Any CPU = Release|Any CPU
	EndGlobalSection
	GlobalSection(ProjectConfigurationPlatforms) = postSolution
		{5F8F97DE-B691-4B29-B9C6-E23B8574D42C}.Debug|Any CPU.ActiveCfg = Debug|Any CPU
		{5F8F97DE-B691-4B29-B9C6-E23B8574D42C}.Debug|Any CPU.Build.0 = Debug|Any CPU
		{5F8F97DE-B691-4B29-B9C6-E23B8574D42C}.Release|Any CPU.ActiveCfg = Release|Any CPU
		{5F8F97DE-B691-4B29-B9C6-E23B8574D42C}.Release|Any CPU.Build.0 = Release|Any CPU
	EndGlobalSection
	GlobalSection(SolutionProperties) = preSolution
		HideSolutionNode = FALSE
	EndGlobalSection
	GlobalSection(ExtensibilityGlobals) = postSolution
		SolutionGuid = {35679517-338E-48E4-A3D6-581375DAB927}
	EndGlobalSection
EndGlobal
